
Microsoft Visual Studio Solution File, Format Version 12.00
# Visual Studio Version 16
VisualStudioVersion = 16.0.31829.152
MinimumVisualStudioVersion = 10.0.40219.1
Project("{FAE04EC0-301F-11D3-BF4B-00C04F79EFBC}") = "Veran_Final_Summative", "Veran_Final_Summative.csproj", "{7B75E46D-C0B4-4CB0-A493-215EC7713C0D}"
EndProject
Project("{FAE04EC0-301F-11D3-BF4B-00C04F79EFBC}") = "DataHelper", "DataHelper\DataHelper.csproj", "{F02E9553-01F5-4E96-B03A-1AF32EADCFFF}"
EndProject
Global
	GlobalSection(SolutionConfigurationPlatforms) = preSolution
		Debug|Any CPU = Debug|Any CPU
		Release|Any CPU = Release|Any CPU
	EndGlobalSection
	GlobalSection(ProjectConfigurationPlatforms) = postSolution
		{7B75E46D-C0B4-4CB0-A493-215EC7713C0D}.Debug|Any CPU.ActiveCfg = Debug|Any CPU
		{7B75E46D-C0B4-4CB0-A493-215EC7713C0D}.Debug|Any CPU.Build.0 = Debug|Any CPU
		{7B75E46D-C0B4-4CB0-A493-215EC7713C0D}.Release|Any CPU.ActiveCfg = Release|Any CPU
		{7B75E46D-C0B4-4CB0-A493-215EC7713C0D}.Release|Any CPU.Build.0 = Release|Any CPU
		{F02E9553-01F5-4E96-B03A-1AF32EADCFFF}.Debug|Any CPU.ActiveCfg = Debug|Any CPU
		{F02E9553-01F5-4E96-B03A-1AF32EADCFFF}.Debug|Any CPU.Build.0 = Debug|Any CPU
		{F02E9553-01F5-4E96-B03A-1AF32EADCFFF}.Release|Any CPU.ActiveCfg = Release|Any CPU
		{F02E9553-01F5-4E96-B03A-1AF32EADCFFF}.Release|Any CPU.Build.0 = Release|Any CPU
	EndGlobalSection
	GlobalSection(SolutionProperties) = preSolution
		HideSolutionNode = FALSE
	EndGlobalSection
	GlobalSection(ExtensibilityGlobals) = postSolution
		SolutionGuid = {2C37735A-9371-484C-9FAB-AE5674817629}
	EndGlobalSection
EndGlobal
